
Microsoft Visual Studio Solution File, Format Version 12.00
# Visual Studio 14
VisualStudioVersion = 14.0.25420.1
MinimumVisualStudioVersion = 10.0.40219.1
Project("{FAE04EC0-301F-11D3-BF4B-00C04F79EFBC}") = "VirtoCommerce.LicensingModule.Web", "VirtoCommerce.LicensingModule.Web\VirtoCommerce.LicensingModule.Web.csproj", "{CECC37CC-373B-4A80-9FCC-5AF90AF625DD}"
	ProjectSection(ProjectDependencies) = postProject
		{BCBCDD51-AF03-49B7-883D-B77141D05DA7} = {BCBCDD51-AF03-49B7-883D-B77141D05DA7}
		{F5EF5E60-17B1-488E-84AA-91047385A09D} = {F5EF5E60-17B1-488E-84AA-91047385A09D}
	EndProjectSection
EndProject
Project("{FAE04EC0-301F-11D3-BF4B-00C04F79EFBC}") = "VirtoCommerce.LicensingModule.Core", "VirtoCommerce.LicensingModule.Core\VirtoCommerce.LicensingModule.Core.csproj", "{F5EF5E60-17B1-488E-84AA-91047385A09D}"
EndProject
Project("{FAE04EC0-301F-11D3-BF4B-00C04F79EFBC}") = "VirtoCommerce.LicensingModule.Data", "VirtoCommerce.LicensingModule.Data\VirtoCommerce.LicensingModule.Data.csproj", "{BCBCDD51-AF03-49B7-883D-B77141D05DA7}"
EndProject
Global
	GlobalSection(SolutionConfigurationPlatforms) = preSolution
		Debug|Any CPU = Debug|Any CPU
		Release|Any CPU = Release|Any CPU
	EndGlobalSection
	GlobalSection(ProjectConfigurationPlatforms) = postSolution
		{CECC37CC-373B-4A80-9FCC-5AF90AF625DD}.Debug|Any CPU.ActiveCfg = Debug|Any CPU
		{CECC37CC-373B-4A80-9FCC-5AF90AF625DD}.Debug|Any CPU.Build.0 = Debug|Any CPU
		{CECC37CC-373B-4A80-9FCC-5AF90AF625DD}.Release|Any CPU.ActiveCfg = Release|Any CPU
		{CECC37CC-373B-4A80-9FCC-5AF90AF625DD}.Release|Any CPU.Build.0 = Release|Any CPU
		{F5EF5E60-17B1-488E-84AA-91047385A09D}.Debug|Any CPU.ActiveCfg = Debug|Any CPU
		{F5EF5E60-17B1-488E-84AA-91047385A09D}.Debug|Any CPU.Build.0 = Debug|Any CPU
		{F5EF5E60-17B1-488E-84AA-91047385A09D}.Release|Any CPU.ActiveCfg = Release|Any CPU
		{F5EF5E60-17B1-488E-84AA-91047385A09D}.Release|Any CPU.Build.0 = Release|Any CPU
		{BCBCDD51-AF03-49B7-883D-B77141D05DA7}.Debug|Any CPU.ActiveCfg = Debug|Any CPU
		{BCBCDD51-AF03-49B7-883D-B77141D05DA7}.Debug|Any CPU.Build.0 = Debug|Any CPU
		{BCBCDD51-AF03-49B7-883D-B77141D05DA7}.Release|Any CPU.ActiveCfg = Release|Any CPU
		{BCBCDD51-AF03-49B7-883D-B77141D05DA7}.Release|Any CPU.Build.0 = Release|Any CPU
	EndGlobalSection
	GlobalSection(SolutionProperties) = preSolution
		HideSolutionNode = FALSE
	EndGlobalSection
EndGlobal
